
Microsoft Visual Studio Solution File, Format Version 12.00
# Visual Studio Version 16
VisualStudioVersion = 16.0.30621.155
MinimumVisualStudioVersion = 10.0.40219.1
Project("{FAE04EC0-301F-11D3-BF4B-00C04F79EFBC}") = "WeekOneChallenges", "WeekOneChallenges.csproj", "{FA88D9A8-53D5-4794-9B93-6A65F5BF37DD}"
EndProject
Global
	GlobalSection(SolutionConfigurationPlatforms) = preSolution
		Debug|Any CPU = Debug|Any CPU
		Release|Any CPU = Release|Any CPU
	EndGlobalSection
	GlobalSection(ProjectConfigurationPlatforms) = postSolution
		{FA88D9A8-53D5-4794-9B93-6A65F5BF37DD}.Debug|Any CPU.ActiveCfg = Debug|Any CPU
		{FA88D9A8-53D5-4794-9B93-6A65F5BF37DD}.Debug|Any CPU.Build.0 = Debug|Any CPU
		{FA88D9A8-53D5-4794-9B93-6A65F5BF37DD}.Release|Any CPU.ActiveCfg = Release|Any CPU
		{FA88D9A8-53D5-4794-9B93-6A65F5BF37DD}.Release|Any CPU.Build.0 = Release|Any CPU
	EndGlobalSection
	GlobalSection(SolutionProperties) = preSolution
		HideSolutionNode = FALSE
	EndGlobalSection
	GlobalSection(ExtensibilityGlobals) = postSolution
		SolutionGuid = {D716C7B4-89CA-4BA4-A42D-BF1E1C88F9C2}
	EndGlobalSection
EndGlobal
